
Microsoft Visual Studio Solution File, Format Version 12.00
# Visual Studio Version 16
VisualStudioVersion = 16.0.29311.281
MinimumVisualStudioVersion = 10.0.40219.1
Project("{9A19103F-16F7-4668-BE54-9A1E7A4F7556}") = "TemplateBuilder", "TemplateBuilder\TemplateBuilder.csproj", "{E45F9E94-502F-405E-A92C-18BBA56FF687}"
EndProject
Project("{2150E333-8FDC-42A3-9474-1A3956D46DE8}") = "SolutionItems", "SolutionItems", "{30CD1058-100D-42BE-8C0D-8FC425559D06}"
	ProjectSection(SolutionItems) = preProject
		rakeconfig.rb = rakeconfig.rb
		rakefile.rb = rakefile.rb
		README.md = README.md
	EndProjectSection
EndProject
Project("{FAE04EC0-301F-11D3-BF4B-00C04F79EFBC}") = "Tests", "Tests\Tests.csproj", "{66EED857-25C6-4FF9-967A-333CB151DF0B}"
EndProject
Global
	GlobalSection(SolutionConfigurationPlatforms) = preSolution
		Debug|Any CPU = Debug|Any CPU
		Release|Any CPU = Release|Any CPU
	EndGlobalSection
	GlobalSection(ProjectConfigurationPlatforms) = postSolution
		{E45F9E94-502F-405E-A92C-18BBA56FF687}.Debug|Any CPU.ActiveCfg = Debug|Any CPU
		{E45F9E94-502F-405E-A92C-18BBA56FF687}.Debug|Any CPU.Build.0 = Debug|Any CPU
		{E45F9E94-502F-405E-A92C-18BBA56FF687}.Release|Any CPU.ActiveCfg = Release|Any CPU
		{E45F9E94-502F-405E-A92C-18BBA56FF687}.Release|Any CPU.Build.0 = Release|Any CPU
		{66EED857-25C6-4FF9-967A-333CB151DF0B}.Debug|Any CPU.ActiveCfg = Debug|Any CPU
		{66EED857-25C6-4FF9-967A-333CB151DF0B}.Debug|Any CPU.Build.0 = Debug|Any CPU
		{66EED857-25C6-4FF9-967A-333CB151DF0B}.Release|Any CPU.ActiveCfg = Release|Any CPU
		{66EED857-25C6-4FF9-967A-333CB151DF0B}.Release|Any CPU.Build.0 = Release|Any CPU
	EndGlobalSection
	GlobalSection(SolutionProperties) = preSolution
		HideSolutionNode = FALSE
	EndGlobalSection
	GlobalSection(ExtensibilityGlobals) = postSolution
		SolutionGuid = {39E3F224-5DA1-42C6-80A0-F6F0C4DFA423}
	EndGlobalSection
EndGlobal
